
Microsoft Visual Studio Solution File, Format Version 12.00
# Visual Studio Version 17
VisualStudioVersion = 17.14.36414.22
MinimumVisualStudioVersion = 10.0.40219.1
Project("{FAE04EC0-301F-11D3-BF4B-00C04F79EFBC}") = "TénicoJunior", "TénicoJunior.csproj", "{CCF7E27F-A6F8-4161-AE36-C13A0AD90636}"
EndProject
Project("{FAE04EC0-301F-11D3-BF4B-00C04F79EFBC}") = "TécnicoJuniorPruebasUnitarias", "..\TécnicoJuniorPruebasUnitarias\TécnicoJuniorPruebasUnitarias.csproj", "{5968B356-5112-4976-A2AA-AC6A20F3AE40}"
EndProject
Global
	GlobalSection(SolutionConfigurationPlatforms) = preSolution
		Debug|Any CPU = Debug|Any CPU
		Release|Any CPU = Release|Any CPU
	EndGlobalSection
	GlobalSection(ProjectConfigurationPlatforms) = postSolution
		{CCF7E27F-A6F8-4161-AE36-C13A0AD90636}.Debug|Any CPU.ActiveCfg = Debug|Any CPU
		{CCF7E27F-A6F8-4161-AE36-C13A0AD90636}.Debug|Any CPU.Build.0 = Debug|Any CPU
		{CCF7E27F-A6F8-4161-AE36-C13A0AD90636}.Release|Any CPU.ActiveCfg = Release|Any CPU
		{CCF7E27F-A6F8-4161-AE36-C13A0AD90636}.Release|Any CPU.Build.0 = Release|Any CPU
		{5968B356-5112-4976-A2AA-AC6A20F3AE40}.Debug|Any CPU.ActiveCfg = Debug|Any CPU
		{5968B356-5112-4976-A2AA-AC6A20F3AE40}.Debug|Any CPU.Build.0 = Debug|Any CPU
		{5968B356-5112-4976-A2AA-AC6A20F3AE40}.Release|Any CPU.ActiveCfg = Release|Any CPU
		{5968B356-5112-4976-A2AA-AC6A20F3AE40}.Release|Any CPU.Build.0 = Release|Any CPU
	EndGlobalSection
	GlobalSection(SolutionProperties) = preSolution
		HideSolutionNode = FALSE
	EndGlobalSection
	GlobalSection(ExtensibilityGlobals) = postSolution
		SolutionGuid = {EE3AB7D6-7CDB-46BA-B159-CEABAC87EF5D}
	EndGlobalSection
EndGlobal
